lockfileVersion: 5.3

specifiers:
  axios: ^0.24.0
  common-tags: ^1.8.2

dependencies:
  axios: 0.24.0
  common-tags: 1.8.2

packages:

  /axios/0.24.0:
    resolution: {integrity: sha512-Q6cWsys88HoPgAaFAVUb0WpPk0O8iTeisR9IMqy9G8AbO4NlpVknrnQS03zzF9PGAWgO3cgletO3VjV/P7VztA==}
    dependencies:
      follow-redirects: 1.14.7
    transitivePeerDependencies:
      - debug
    dev: false

  /common-tags/1.8.2:
    resolution: {integrity: sha512-gk/Z852D2Wtb//0I+kRFNKKE9dIIVirjoqPoA1wJU+XePVXZfGeBpk45+A1rKO4Q43prqWBNY/MiIeRLbPWUaA==}
    engines: {node: '>=4.0.0'}
    dev: false

  /follow-redirects/1.14.7:
    resolution: {integrity: sha512-+hbxoLbFMbRKDwohX8GkTataGqO6Jb7jGwpAlwgy2bIz25XtRm7KEzJM76R1WiNT5SwZkX4Y75SwBolkpmE7iQ==}
    engines: {node: '>=4.0'}
    peerDependencies:
      debug: '*'
    peerDependenciesMeta:
      debug:
        optional: true
    dev: false
